
Microsoft Visual Studio Solution File, Format Version 12.00
# Visual Studio Version 17
VisualStudioVersion = 17.9.34607.119
MinimumVisualStudioVersion = 10.0.40219.1
Project("{FAE04EC0-301F-11D3-BF4B-00C04F79EFBC}") = "CloudP3", "CloudP3.csproj", "{B8C1AC8D-39A6-40CB-BE4D-43EA2421EF60}"
EndProject
Global
	GlobalSection(SolutionConfigurationPlatforms) = preSolution
		Debug|Any CPU = Debug|Any CPU
		Release|Any CPU = Release|Any CPU
	EndGlobalSection
	GlobalSection(ProjectConfigurationPlatforms) = postSolution
		{B8C1AC8D-39A6-40CB-BE4D-43EA2421EF60}.Debug|Any CPU.ActiveCfg = Debug|Any CPU
		{B8C1AC8D-39A6-40CB-BE4D-43EA2421EF60}.Debug|Any CPU.Build.0 = Debug|Any CPU
		{B8C1AC8D-39A6-40CB-BE4D-43EA2421EF60}.Release|Any CPU.ActiveCfg = Release|Any CPU
		{B8C1AC8D-39A6-40CB-BE4D-43EA2421EF60}.Release|Any CPU.Build.0 = Release|Any CPU
	EndGlobalSection
	GlobalSection(SolutionProperties) = preSolution
		HideSolutionNode = FALSE
	EndGlobalSection
	GlobalSection(ExtensibilityGlobals) = postSolution
		SolutionGuid = {CC372344-134B-4E60-8AFB-A2107F072495}
	EndGlobalSection
EndGlobal
